// !$*UTF8*$!
{
	archiveVersion = 1;
	classes = {
	};
	objectVersion = 55;
	objects = {

/* Begin PBXBuildFile section */
		38FA7ACC28969DDB004D8105 /* AppDelegate.swift in Sources */ = {isa = PBXBuildFile; fileRef = 38FA7ACB28969DDB004D8105 /* AppDelegate.swift */; };
		38FA7ACE28969DDB004D8105 /* SceneDelegate.swift in Sources */ = {isa = PBXBuildFile; fileRef = 38FA7ACD28969DDB004D8105 /* SceneDelegate.swift */; };
		38FA7AD028969DDB004D8105 /* ViewController.swift in Sources */ = {isa = PBXBuildFile; fileRef = 38FA7ACF28969DDB004D8105 /* ViewController.swift */; };
		38FA7AD328969DDB004D8105 /* Main.storyboard in Resources */ = {isa = PBXBuildFile; fileRef = 38FA7AD128969DDB004D8105 /* Main.storyboard */; };
		38FA7AD528969DDD004D8105 /* Assets.xcassets in Resources */ = {isa = PBXBuildFile; fileRef = 38FA7AD428969DDD004D8105 /* Assets.xcassets */; };
		38FA7AD828969DDD004D8105 /* LaunchScreen.storyboard in Resources */ = {isa = PBXBuildFile; fileRef = 38FA7AD628969DDD004D8105 /* LaunchScreen.storyboard */; };
		38FA7AE028969EDE004D8105 /* RoundButton.swift in Sources */ = {isa = PBXBuildFile; fileRef = 38FA7ADF28969EDE004D8105 /* RoundButton.swift */; };
/* End PBXBuildFile section */

/* Begin PBXFileReference section */
		38FA7AC828969DDB004D8105 /* CALCULATOR1.app */ = {isa = PBXFileReference; explicitFileType = wrapper.application; includeInIndex = 0; path = CALCULATOR1.app; sourceTree = BUILT_PRODUCTS_DIR; };
		38FA7ACB28969DDB004D8105 /* AppDelegate.swift */ = {isa = PBXFileReference; lastKnownFileType = sourcecode.swift; path = AppDelegate.swift; sourceTree = "<group>"; };
		38FA7ACD28969DDB004D8105 /* SceneDelegate.swift */ = {isa = PBXFileReference; lastKnownFileType = sourcecode.swift; path = SceneDelegate.swift; sourceTree = "<group>"; };
		38FA7ACF28969DDB004D8105 /* ViewController.swift */ = {isa = PBXFileReference; lastKnownFileType = sourcecode.swift; path = ViewController.swift; sourceTree = "<group>"; };
		38FA7AD228969DDB004D8105 /* Base */ = {isa = PBXFileReference; lastKnownFileType = file.storyboard; name = Base; path = Base.lproj/Main.storyboard; sourceTree = "<group>"; };
		38FA7AD428969DDD004D8105 /* Assets.xcassets */ = {isa = PBXFileReference; lastKnownFileType = folder.assetcatalog; path = Assets.xcassets; sourceTree = "<group>"; };
		38FA7AD728969DDD004D8105 /* Base */ = {isa = PBXFileReference; lastKnownFileType = file.storyboard; name = Base; path = Base.lproj/LaunchScreen.storyboard; sourceTree = "<group>"; };
		38FA7AD928969DDD004D8105 /* Info.plist */ = {isa = PBXFileReference; lastKnownFileType = text.plist.xml; path = Info.plist; sourceTree = "<group>"; };
		38FA7ADF28969EDE004D8105 /* RoundButton.swift */ = {isa = PBXFileReference; lastKnownFileType = sourcecode.swift; path = RoundButton.swift; sourceTree = "<group>"; };
/* End PBXFileReference section */

/* Begin PBXFrameworksBuildPhase section */
		38FA7AC528969DDB004D8105 /* Frameworks */ = {
			isa = PBXFrameworksBuildPhase;
			buildActionMask = 2147483647;
			files = (
			);
			runOnlyForDeploymentPostprocessing = 0;
		};
/* End PBXFrameworksBuildPhase section */

/* Begin PBXGroup section */
		38FA7ABF28969DDB004D8105 = {
			isa = PBXGroup;
			children = (
				38FA7ADF28969EDE004D8105 /* RoundButton.swift */,
				38FA7ACA28969DDB004D8105 /* CALCULATOR1 */,
				38FA7AC928969DDB004D8105 /* Products */,
			);
			sourceTree = "<group>";
		};
		38FA7AC928969DDB004D8105 /* Products */ = {
			isa = PBXGroup;
			children = (
				38FA7AC828969DDB004D8105 /* CALCULATOR1.app */,
			);
			name = Products;
			sourceTree = "<group>";
		};
		38FA7ACA28969DDB004D8105 /* CALCULATOR1 */ = {
			isa = PBXGroup;
			children = (
				38FA7ACB28969DDB004D8105 /* AppDelegate.swift */,
				38FA7ACD28969DDB004D8105 /* SceneDelegate.swift */,
				38FA7ACF28969DDB004D8105 /* ViewController.swift */,
				38FA7AD128969DDB004D8105 /* Main.storyboard */,
				38FA7AD428969DDD004D8105 /* Assets.xcassets */,
				38FA7AD628969DDD004D8105 /* LaunchScreen.storyboard */,
				38FA7AD928969DDD004D8105 /* Info.plist */,
			);
			path = CALCULATOR1;
			sourceTree = "<group>";
		};
/* End PBXGroup section */

/* Begin PBXNativeTarget section */
		38FA7AC728969DDB004D8105 /* CALCULATOR1 */ = {
			isa = PBXNativeTarget;
			buildConfigurationList = 38FA7ADC28969DDD004D8105 /* Build configuration list for PBXNativeTarget "CALCULATOR1" */;
			buildPhases = (
				38FA7AC428969DDB004D8105 /* Sources */,
				38FA7AC528969DDB004D8105 /* Frameworks */,
				38FA7AC628969DDB004D8105 /* Resources */,
			);
			buildRules = (
			);
			dependencies = (
			);
			name = CALCULATOR1;
			productName = CALCULATOR1;
			productReference = 38FA7AC828969DDB004D8105 /* CALCULATOR1.app */;
			productType = "com.apple.product-type.application";
		};
/* End PBXNativeTarget section */

/* Begin PBXProject section */
		38FA7AC028969DDB004D8105 /* Project object */ = {
			isa = PBXProject;
			attributes = {
				BuildIndependentTargetsInParallel = 1;
				LastSwiftUpdateCheck = 1340;
				LastUpgradeCheck = 1340;
				TargetAttributes = {
					38FA7AC728969DDB004D8105 = {
						CreatedOnToolsVersion = 13.4.1;
					};
				};
			};
			buildConfigurationList = 38FA7AC328969DDB004D8105 /* Build configuration list for PBXProject "CALCULATOR1" */;
			compatibilityVersion = "Xcode 13.0";
			developmentRegion = en;
			hasScannedForEncodings = 0;
			knownRegions = (
				en,
				Base,
			);
			mainGroup = 38FA7ABF28969DDB004D8105;
			productRefGroup = 38FA7AC928969DDB004D8105 /* Products */;
			projectDirPath = "";
			projectRoot = "";
			targets = (
				38FA7AC728969DDB004D8105 /* CALCULATOR1 */,
			);
		};
/* End PBXProject section */

/* Begin PBXResourcesBuildPhase section */
		38FA7AC628969DDB004D8105 /* Resources */ = {
			isa = PBXResourcesBuildPhase;
			buildActionMask = 2147483647;
			files = (
				38FA7AD828969DDD004D8105 /* LaunchScreen.storyboard in Resources */,
				38FA7AD528969DDD004D8105 /* Assets.xcassets in Resources */,
				38FA7AD328969DDB004D8105 /* Main.storyboard in Resources */,
			);
			runOnlyForDeploymentPostprocessing = 0;
		};
/* End PBXResourcesBuildPhase section */

/* Begin PBXSourcesBuildPhase section */
		38FA7AC428969DDB004D8105 /* Sources */ = {
			isa = PBXSourcesBuildPhase;
			buildActionMask = 2147483647;
			files = (
				38FA7AE028969EDE004D8105 /* RoundButton.swift in Sources */,
				38FA7AD028969DDB004D8105 /* ViewController.swift in Sources */,
				38FA7ACC28969DDB004D8105 /* AppDelegate.swift in Sources */,
				38FA7ACE28969DDB004D8105 /* SceneDelegate.swift in Sources */,
			);
			runOnlyForDeploymentPostprocessing = 0;
		};
/* End PBXSourcesBuildPhase section */

/* Begin PBXVariantGroup section */
		38FA7AD128969DDB004D8105 /* Main.storyboard */ = {
			isa = PBXVariantGroup;
			children = (
				38FA7AD228969DDB004D8105 /* Base */,
			);
			name = Main.storyboard;
			sourceTree = "<group>";
		};
		38FA7AD628969DDD004D8105 /* LaunchScreen.storyboard */ = {
			isa = PBXVariantGroup;
			children = (
				38FA7AD728969DDD004D8105 /* Base */,
			);
			name = LaunchScreen.storyboard;
			sourceTree = "<group>";
		};
/* End PBXVariantGroup section */

/* Begin XCBuildConfiguration section */
		38FA7ADA28969DDD004D8105 /* Debug */ = {
			isa = XCBuildConfiguration;
			buildSettings = {
				ALWAYS_SEARCH_USER_PATHS = NO;
				CLANG_ANALYZER_NONNULL = YES;
				CLANG_ANALYZER_NUMBER_OBJECT_CONVERSION = YES_AGGRESSIVE;
				CLANG_CXX_LANGUAGE_STANDARD = "gnu++17";
				CLANG_ENABLE_MODULES = YES;
				CLANG_ENABLE_OBJC_ARC = YES;
				CLANG_ENABLE_OBJC_WEAK = YES;
				CLANG_WARN_BLOCK_CAPTURE_AUTORELEASING = YES;
				CLANG_WARN_BOOL_CONVERSION = YES;
				CLANG_WARN_COMMA = YES;
				CLANG_WARN_CONSTANT_CONVERSION = YES;
				CLANG_WARN_DEPRECATED_OBJC_IMPLEMENTATIONS = YES;
				CLANG_WARN_DIRECT_OBJC_ISA_USAGE = YES_ERROR;
				CLANG_WARN_DOCUMENTATION_COMMENTS = YES;
				CLANG_WARN_EMPTY_BODY = YES;
				CLANG_WARN_ENUM_CONVERSION = YES;
				CLANG_WARN_INFINITE_RECURSION = YES;
				CLANG_WARN_INT_CONVERSION = YES;
				CLANG_WARN_NON_LITERAL_NULL_CONVERSION = YES;
				CLANG_WARN_OBJC_IMPLICIT_RETAIN_SELF = YES;
				CLANG_WARN_OBJC_LITERAL_CONVERSION = YES;
				CLANG_WARN_OBJC_ROOT_CLASS = YES_ERROR;
				CLANG_WARN_QUOTED_INCLUDE_IN_FRAMEWORK_HEADER = YES;
				CLANG_WARN_RANGE_LOOP_ANALYSIS = YES;
				CLANG_WARN_STRICT_PROTOTYPES = YES;
				CLANG_WARN_SUSPICIOUS_MOVE = YES;
				CLANG_WARN_UNGUARDED_AVAILABILITY = YES_AGGRESSIVE;
				CLANG_WARN_UNREACHABLE_CODE = YES;
				CLANG_WARN__DUPLICATE_METHOD_MATCH = YES;
				COPY_PHASE_STRIP = NO;
				DEBUG_INFORMATION_FORMAT = dwarf;
				ENABLE_STRICT_OBJC_MSGSEND = YES;
				ENABLE_TESTABILITY = YES;
				GCC_C_LANGUAGE_STANDARD = gnu11;
				GCC_DYNAMIC_NO_PIC = NO;
				GCC_NO_COMMON_BLOCKS = YES;
				GCC_OPTIMIZATION_LEVEL = 0;
				GCC_PREPROCESSOR_DEFINITIONS = (
					"DEBUG=1",
					"$(inherited)",
				);
				GCC_WARN_64_TO_32_BIT_CONVERSION = YES;
				GCC_WARN_ABOUT_RETURN_TYPE = YES_ERROR;
				GCC_WARN_UNDECLARED_SELECTOR = YES;
				GCC_WARN_UNINITIALIZED_AUTOS = YES_AGGRESSIVE;
				GCC_WARN_UNUSED_FUNCTION = YES;
				GCC_WARN_UNUSED_VARIABLE = YES;
				IPHONEOS_DEPLOYMENT_TARGET = 15.0;
				MTL_ENABLE_DEBUG_INFO = INCLUDE_SOURCE;
				MTL_FAST_MATH = YES;
				ONLY_ACTIVE_ARCH = YES;
				SDKROOT = iphoneos;
				SWIFT_ACTIVE_COMPILATION_CONDITIONS = DEBUG;
				SWIFT_OPTIMIZATION_LEVEL = "-Onone";
			};
			name = Debug;
		};
		38FA7ADB28969DDD004D8105 /* Release */ = {
			isa = XCBuildConfiguration;
			buildSettings = {
				ALWAYS_SEARCH_USER_PATHS = NO;
				CLANG_ANALYZER_NONNULL = YES;
				CLANG_ANALYZER_NUMBER_OBJECT_CONVERSION = YES_AGGRESSIVE;
				CLANG_CXX_LANGUAGE_STANDARD = "gnu++17";
				CLANG_ENABLE_MODULES = YES;
				CLANG_ENABLE_OBJC_ARC = YES;
				CLANG_ENABLE_OBJC_WEAK = YES;
				CLANG_WARN_BLOCK_CAPTURE_AUTORELEASING = YES;
				CLANG_WARN_BOOL_CONVERSION = YES;
				CLANG_WARN_COMMA = YES;
				CLANG_WARN_CONSTANT_CONVERSION = YES;
				CLANG_WARN_DEPRECATED_OBJC_IMPLEMENTATIONS = YES;
				CLANG_WARN_DIRECT_OBJC_ISA_USAGE = YES_ERROR;
				CLANG_WARN_DOCUMENTATION_COMMENTS = YES;
				CLANG_WARN_EMPTY_BODY = YES;
				CLANG_WARN_ENUM_CONVERSION = YES;
				CLANG_WARN_INFINITE_RECURSION = YES;
				CLANG_WARN_INT_CONVERSION = YES;
				CLANG_WARN_NON_LITERAL_NULL_CONVERSION = YES;
				CLANG_WARN_OBJC_IMPLICIT_RETAIN_SELF = YES;
				CLANG_WARN_OBJC_LITERAL_CONVERSION = YES;
				CLANG_WARN_OBJC_ROOT_CLASS = YES_ERROR;
				CLANG_WARN_QUOTED_INCLUDE_IN_FRAMEWORK_HEADER = YES;
				CLANG_WARN_RANGE_LOOP_ANALYSIS = YES;
				CLANG_WARN_STRICT_PROTOTYPES = YES;
				CLANG_WARN_SUSPICIOUS_MOVE = YES;
				CLANG_WARN_UNGUARDED_AVAILABILITY = YES_AGGRESSIVE;
				CLANG_WARN_UNREACHABLE_CODE = YES;
				CLANG_WARN__DUPLICATE_METHOD_MATCH = YES;
				COPY_PHASE_STRIP = NO;
				DEBUG_INFORMATION_FORMAT = "dwarf-with-dsym";
				ENABLE_NS_ASSERTIONS = NO;
				ENABLE_STRICT_OBJC_MSGSEND = YES;
				GCC_C_LANGUAGE_STANDARD = gnu11;
				GCC_NO_COMMON_BLOCKS = YES;
				GCC_WARN_64_TO_32_BIT_CONVERSION = YES;
				GCC_WARN_ABOUT_RETURN_TYPE = YES_ERROR;
				GCC_WARN_UNDECLARED_SELECTOR = YES;
				GCC_WARN_UNINITIALIZED_AUTOS = YES_AGGRESSIVE;
				GCC_WARN_UNUSED_FUNCTION = YES;
				GCC_WARN_UNUSED_VARIABLE = YES;
				IPHONEOS_DEPLOYMENT_TARGET = 15.0;
				MTL_ENABLE_DEBUG_INFO = NO;
				MTL_FAST_MATH = YES;
				SDKROOT = iphoneos;
				SWIFT_COMPILATION_MODE = wholemodule;
				SWIFT_OPTIMIZATION_LEVEL = "-O";
				VALIDATE_PRODUCT = YES;
			};
			name = Release;
		};
		38FA7ADD28969DDD004D8105 /* Debug */ = {
			isa = XCBuildConfiguration;
			buildSettings = {
				ASSETCATALOG_COMPILER_APPICON_NAME = AppIcon;
				ASSETCATALOG_COMPILER_GLOBAL_ACCENT_COLOR_NAME = AccentColor;
				CODE_SIGN_STYLE = Automatic;
				CURRENT_PROJECT_VERSION = 1;
				DEVELOPMENT_TEAM = W9S9GKY47Q;
				GENERATE_INFOPLIST_FILE = YES;
				INFOPLIST_FILE = CALCULATOR1/Info.plist;
				INFOPLIST_KEY_UIApplicationSupportsIndirectInputEvents = YES;
				INFOPLIST_KEY_UILaunchStoryboardName = LaunchScreen;
				INFOPLIST_KEY_UIMainStoryboardFile = Main;
				INFOPLIST_KEY_UISupportedInterfaceOrientations = UIInterfaceOrientationPortrait;
				INFOPLIST_KEY_UISupportedInterfaceOrientations_iPad = "UIInterfaceOrientationPortrait UIInterfaceOrientationPortraitUpsideDown UIInterfaceOrientationLandscapeLeft UIInterfaceOrientationLandscapeRight";
				INFOPLIST_KEY_UISupportedInterfaceOrientations_iPhone = "UIInterfaceOrientationPortrait UIInterfaceOrientationLandscapeLeft UIInterfaceOrientationLandscapeRight";
				LD_RUNPATH_SEARCH_PATHS = (
					"$(inherited)",
					"@executable_path/Frameworks",
				);
				MARKETING_VERSION = 1.0;
				PRODUCT_BUNDLE_IDENTIFIER = dharmikanghan.CALCULATOR1;
				PRODUCT_NAME = "$(TARGET_NAME)";
				SWIFT_EMIT_LOC_STRINGS = YES;
				SWIFT_VERSION = 5.0;
				TARGETED_DEVICE_FAMILY = 1;
			};
			name = Debug;
		};
		38FA7ADE28969DDD004D8105 /* Release */ = {
			isa = XCBuildConfiguration;
			buildSettings = {
				ASSETCATALOG_COMPILER_APPICON_NAME = AppIcon;
				ASSETCATALOG_COMPILER_GLOBAL_ACCENT_COLOR_NAME = AccentColor;
				CODE_SIGN_STYLE = Automatic;
				CURRENT_PROJECT_VERSION = 1;
				DEVELOPMENT_TEAM = W9S9GKY47Q;
				GENERATE_INFOPLIST_FILE = YES;
				INFOPLIST_FILE = CALCULATOR1/Info.plist;
				INFOPLIST_KEY_UIApplicationSupportsIndirectInputEvents = YES;
				INFOPLIST_KEY_UILaunchStoryboardName = LaunchScreen;
				INFOPLIST_KEY_UIMainStoryboardFile = Main;
				INFOPLIST_KEY_UISupportedInterfaceOrientations = UIInterfaceOrientationPortrait;
				INFOPLIST_KEY_UISupportedInterfaceOrientations_iPad = "UIInterfaceOrientationPortrait UIInterfaceOrientationPortraitUpsideDown UIInterfaceOrientationLandscapeLeft UIInterfaceOrientationLandscapeRight";
				INFOPLIST_KEY_UISupportedInterfaceOrientations_iPhone = "UIInterfaceOrientationPortrait UIInterfaceOrientationLandscapeLeft UIInterfaceOrientationLandscapeRight";
				LD_RUNPATH_SEARCH_PATHS = (
					"$(inherited)",
					"@executable_path/Frameworks",
				);
				MARKETING_VERSION = 1.0;
				PRODUCT_BUNDLE_IDENTIFIER = dharmikanghan.CALCULATOR1;
				PRODUCT_NAME = "$(TARGET_NAME)";
				SWIFT_EMIT_LOC_STRINGS = YES;
				SWIFT_VERSION = 5.0;
				TARGETED_DEVICE_FAMILY = 1;
			};
			name = Release;
		};
/* End XCBuildConfiguration section */

/* Begin XCConfigurationList section */
		38FA7AC328969DDB004D8105 /* Build configuration list for PBXProject "CALCULATOR1" */ = {
			isa = XCConfigurationList;
			buildConfigurations = (
				38FA7ADA28969DDD004D8105 /* Debug */,
				38FA7ADB28969DDD004D8105 /* Release */,
			);
			defaultConfigurationIsVisible = 0;
			defaultConfigurationName = Release;
		};
		38FA7ADC28969DDD004D8105 /* Build configuration list for PBXNativeTarget "CALCULATOR1" */ = {
			isa = XCConfigurationList;
			buildConfigurations = (
				38FA7ADD28969DDD004D8105 /* Debug */,
				38FA7ADE28969DDD004D8105 /* Release */,
			);
			defaultConfigurationIsVisible = 0;
			defaultConfigurationName = Release;
		};
/* End XCConfigurationList section */
	};
	rootObject = 38FA7AC028969DDB004D8105 /* Project object */;
}
